<?xml version="1.0" encoding="UTF-8"?>
<Scheme
   version = "1.3">
   <BuildAction>
      <BuildActionEntries>
         <BuildActionEntry
            buildForRunning = "YES">
            <BuildableReference
               BuildableIdentifier = "primary"
               BlueprintIdentifier = "528D752D242B4C8D00B015B8"
               BuildableName = "Ticker Bar.app"
               BlueprintName = "Ticker Bar"
               ReferencedContainer = "container:Ticker Bar.xcodeproj">
            </BuildableReference>
         </BuildActionEntry>
      </BuildActionEntries>
   </BuildAction>
   <LaunchAction
      useCustomWorkingDirectory = "NO"
      buildConfiguration = "Debug"
      allowLocationSimulation = "YES">
      <BuildableProductRunnable>
         <BuildableReference
            BuildableIdentifier = "primary"
            BlueprintIdentifier = "528D752D242B4C8D00B015B8"
            BuildableName = "Ticker Bar.app"
            BlueprintName = "Ticker Bar"
            ReferencedContainer = "container:Ticker Bar.xcodeproj">
         </BuildableReference>
      </BuildableProductRunnable>
   </LaunchAction>
</Scheme>
